{
  "name": "@tinykode/gen",
  "version": "0.0.6",
  "lockfileVersion": 3,
  "requires": true,
  "packages": {
    "": {
      "name": "@tinykode/gen",
      "version": "0.0.6",
      "hasInstallScript": true,
      "license": "MIT",
      "os": [
        "darwin",
        "linux"
      ],
      "bin": {
        "gen": "src/index.js"
      },
      "engines": {
        "node": ">=14.0.0"
      }
    }
  }
}
